
Microsoft Visual Studio Solution File, Format Version 12.00
# Visual Studio Version 16
VisualStudioVersion = 16.0.31205.134
MinimumVisualStudioVersion = 10.0.40219.1
Project("{FAE04EC0-301F-11D3-BF4B-00C04F79EFBC}") = "CrudExample-3", "CrudExample-3\CrudExample-3.csproj", "{19E02A04-EA8D-4A33-AE58-6C43806EFCE4}"
EndProject
Global
	GlobalSection(SolutionConfigurationPlatforms) = preSolution
		Debug|Any CPU = Debug|Any CPU
		Release|Any CPU = Release|Any CPU
	EndGlobalSection
	GlobalSection(ProjectConfigurationPlatforms) = postSolution
		{19E02A04-EA8D-4A33-AE58-6C43806EFCE4}.Debug|Any CPU.ActiveCfg = Debug|Any CPU
		{19E02A04-EA8D-4A33-AE58-6C43806EFCE4}.Debug|Any CPU.Build.0 = Debug|Any CPU
		{19E02A04-EA8D-4A33-AE58-6C43806EFCE4}.Release|Any CPU.ActiveCfg = Release|Any CPU
		{19E02A04-EA8D-4A33-AE58-6C43806EFCE4}.Release|Any CPU.Build.0 = Release|Any CPU
	EndGlobalSection
	GlobalSection(SolutionProperties) = preSolution
		HideSolutionNode = FALSE
	EndGlobalSection
	GlobalSection(ExtensibilityGlobals) = postSolution
		SolutionGuid = {15AC1494-9F5A-42DD-814F-2420B983C10B}
	EndGlobalSection
EndGlobal
